<?xml version="1.0" encoding="utf-8"?>
<Project ToolsVersion="4.0" xmlns="http://schemas.microsoft.com/developer/msbuild/2003">
  <ItemGroup>
    <Filter Include="ソース ファイル">
      <UniqueIdentifier>{4FC737F1-C7A5-4376-A066-2A32D752A2FF}</UniqueIdentifier>
      <Extensions>cpp;c;cc;cxx;c++;def;odl;idl;hpj;bat;asm;asmx</Extensions>
    </Filter>
    <Filter Include="ヘッダー ファイル">
      <UniqueIdentifier>{93995380-89BD-4b04-88EB-625FBE52EBFB}</UniqueIdentifier>
      <Extensions>h;hh;hpp;hxx;h++;hm;inl;inc;ipp;xsd</Extensions>
    </Filter>
    <Filter Include="リソース ファイル">
      <UniqueIdentifier>{67DA6AB6-F800-4c08-8B7A-83BB121AAD01}</UniqueIdentifier>
      <Extensions>rc;ico;cur;bmp;dlg;rc2;rct;bin;rgs;gif;jpg;jpeg;jpe;resx;tiff;tif;png;wav;mfcribbon-ms</Extensions>
    </Filter>
    <Filter Include="ヘッダー ファイル\Engine">
      <UniqueIdentifier>{76014000-3066-4a85-9d29-ff2d664eaa65}</UniqueIdentifier>
    </Filter>
    <Filter Include="ヘッダー ファイル\Engine\Shape">
      <UniqueIdentifier>{95b8f5db-d4df-4967-9c9a-c63e2db8f096}</UniqueIdentifier>
    </Filter>
    <Filter Include="ヘッダー ファイル\Engine\Views">
      <UniqueIdentifier>{a1612d7c-63de-4931-ab61-5b71605590fc}</UniqueIdentifier>
    </Filter>
    <Filter Include="ヘッダー ファイル\Ex">
      <UniqueIdentifier>{77f18d9d-b625-4dc3-ade8-a34854d3c640}</UniqueIdentifier>
    </Filter>
    <Filter Include="ヘッダー ファイル\Ex\imgui">
      <UniqueIdentifier>{6b367cf0-430c-482c-a8a0-c627d77c6711}</UniqueIdentifier>
    </Filter>
    <Filter Include="ソース ファイル\Ex">
      <UniqueIdentifier>{97c4b82f-e347-444f-9666-ffaf8fa59053}</UniqueIdentifier>
    </Filter>
    <Filter Include="ソース ファイル\Ex\imgui">
      <UniqueIdentifier>{c1ff0275-feec-46ac-baa8-3a441ef13441}</UniqueIdentifier>
    </Filter>
    <Filter Include="ソース ファイル\Engine">
      <UniqueIdentifier>{68efd59a-5eab-4702-a6f4-f3b44e033b36}</UniqueIdentifier>
    </Filter>
    <Filter Include="ソース ファイル\Engine\Util">
      <UniqueIdentifier>{7880ad7d-46f0-44c7-b1cb-693b6dc4ca35}</UniqueIdentifier>
    </Filter>
    <Filter Include="ソース ファイル\Engine\Util\MathCulc">
      <UniqueIdentifier>{2bca42b2-88f3-440a-b34d-90559587cdbc}</UniqueIdentifier>
    </Filter>
    <Filter Include="ヘッダー ファイル\Engine\GraphicsCore">
      <UniqueIdentifier>{a296b306-4fe9-425c-9d23-1c18da47ad99}</UniqueIdentifier>
    </Filter>
    <Filter Include="ヘッダー ファイル\Engine\GraphicsCore\Base">
      <UniqueIdentifier>{98e4a090-abe7-4898-9a73-88da774410b0}</UniqueIdentifier>
    </Filter>
    <Filter Include="ヘッダー ファイル\Engine\GraphicsCore\Object">
      <UniqueIdentifier>{045519ea-90ab-408f-8742-ee329a26b1d1}</UniqueIdentifier>
    </Filter>
    <Filter Include="ヘッダー ファイル\Engine\GraphicsCore\Object\Material">
      <UniqueIdentifier>{9fe110be-bfc2-4464-b812-11b5f0807813}</UniqueIdentifier>
    </Filter>
    <Filter Include="ヘッダー ファイル\Engine\Util">
      <UniqueIdentifier>{fa33eda6-70b8-4a36-a2f4-31f5a991dadd}</UniqueIdentifier>
    </Filter>
    <Filter Include="ヘッダー ファイル\Engine\Util\MathCulc">
      <UniqueIdentifier>{909c9946-cbaa-446e-83a1-4b23945f03ae}</UniqueIdentifier>
    </Filter>
    <Filter Include="ソース ファイル\Engine\Views">
      <UniqueIdentifier>{7faf8ca1-de16-4386-896b-f56981209a66}</UniqueIdentifier>
    </Filter>
    <Filter Include="ソース ファイル\Engine\GraphicsCore">
      <UniqueIdentifier>{a6fba89b-411f-4956-949a-db519c6c0740}</UniqueIdentifier>
    </Filter>
    <Filter Include="ソース ファイル\Engine\GraphicsCore\Shapes">
      <UniqueIdentifier>{60d8c09d-1a67-4f8c-a623-8c5b353edd8e}</UniqueIdentifier>
    </Filter>
    <Filter Include="ソース ファイル\Engine\GraphicsCore\Base">
      <UniqueIdentifier>{521f8a31-dc1a-4ca3-a9d8-c6486db65006}</UniqueIdentifier>
    </Filter>
    <Filter Include="ソース ファイル\Engine\GraphicsCore\Object">
      <UniqueIdentifier>{ae7fd442-bd1b-4169-bb75-847c08217f92}</UniqueIdentifier>
    </Filter>
    <Filter Include="ソース ファイル\Engine\GraphicsCore\Object\Material">
      <UniqueIdentifier>{eef3d90b-e81f-4d10-af1b-6880f9123039}</UniqueIdentifier>
    </Filter>
    <Filter Include="ヘッダー ファイル\Engine\NoonEngineCore">
      <UniqueIdentifier>{88452a9e-8cf7-4241-83b5-757e3958016a}</UniqueIdentifier>
    </Filter>
    <Filter Include="ヘッダー ファイル\Engine\NoonEngineCore\GameObject">
      <UniqueIdentifier>{0dd4cb45-6a65-4b40-b203-43005cd047b7}</UniqueIdentifier>
    </Filter>
    <Filter Include="ソース ファイル\Engine\NoonEngineCore">
      <UniqueIdentifier>{81ab8a3f-4c88-4e56-a3fc-31c244779b62}</UniqueIdentifier>
    </Filter>
    <Filter Include="ソース ファイル\Engine\NoonEngineCore\GameObject">
      <UniqueIdentifier>{ec3895a5-13ed-4d12-8ee7-b7f857a15292}</UniqueIdentifier>
    </Filter>
    <Filter Include="ヘッダー ファイル\Engine\GraphicsCore\UI">
      <UniqueIdentifier>{5bff478a-9f00-4ce3-bd60-a46da6541f29}</UniqueIdentifier>
    </Filter>
    <Filter Include="リソース ファイル\Shader">
      <UniqueIdentifier>{0fb78c5d-ccb6-4710-a0ea-77a6c0df4592}</UniqueIdentifier>
    </Filter>
  </ItemGroup>
  <ItemGroup>
    <ClCompile Include="SampleView.cpp">
      <Filter>ソース ファイル\Engine\Views</Filter>
    </ClCompile>
    <ClCompile Include="ShapeCreator.cpp">
      <Filter>ソース ファイル\Engine\GraphicsCore\Shapes</Filter>
    </ClCompile>
    <ClCompile Include="Matrix.cpp">
      <Filter>ソース ファイル\Engine\Util\MathCulc</Filter>
    </ClCompile>
    <ClCompile Include="Vector.cpp">
      <Filter>ソース ファイル\Engine\Util\MathCulc</Filter>
    </ClCompile>
    <ClCompile Include="imgui.cpp">
      <Filter>ソース ファイル\Ex\imgui</Filter>
    </ClCompile>
    <ClCompile Include="imgui_demo.cpp">
      <Filter>ソース ファイル\Ex\imgui</Filter>
    </ClCompile>
    <ClCompile Include="imgui_draw.cpp">
      <Filter>ソース ファイル\Ex\imgui</Filter>
    </ClCompile>
    <ClCompile Include="imgui_impl_glfw.cpp">
      <Filter>ソース ファイル\Ex\imgui</Filter>
    </ClCompile>
    <ClCompile Include="imgui_impl_opengl3.cpp">
      <Filter>ソース ファイル\Ex\imgui</Filter>
    </ClCompile>
    <ClCompile Include="imgui_widgets.cpp">
      <Filter>ソース ファイル\Ex\imgui</Filter>
    </ClCompile>
    <ClCompile Include="SampleGame.cpp">
      <Filter>ソース ファイル\Engine\Views</Filter>
    </ClCompile>
    <ClCompile Include="StringReplacer.cpp">
      <Filter>ソース ファイル\Engine\Util</Filter>
    </ClCompile>
    <ClCompile Include="UITestView.cpp">
      <Filter>ソース ファイル\Engine\Views</Filter>
    </ClCompile>
    <ClCompile Include="main.cpp">
      <Filter>ソース ファイル</Filter>
    </ClCompile>
    <ClCompile Include="ModelLoader.cpp">
      <Filter>ソース ファイル\Engine\Util</Filter>
    </ClCompile>
    <ClCompile Include="glShader.cpp">
      <Filter>ソース ファイル\Engine\GraphicsCore</Filter>
    </ClCompile>
    <ClCompile Include="ShaderBase.cpp">
      <Filter>ソース ファイル\Engine\GraphicsCore\Object\Material</Filter>
    </ClCompile>
    <ClCompile Include="Texture.cpp">
      <Filter>ソース ファイル\Engine\GraphicsCore\Object\Material</Filter>
    </ClCompile>
    <ClCompile Include="AGameObjectBase.cpp">
      <Filter>ソース ファイル\Engine\NoonEngineCore\GameObject</Filter>
    </ClCompile>
    <ClCompile Include="Transform.cpp">
      <Filter>ソース ファイル\Engine\NoonEngineCore\GameObject</Filter>
    </ClCompile>
    <ClCompile Include="NoonEnginStateManager.cpp">
      <Filter>ソース ファイル\Engine\NoonEngineCore</Filter>
    </ClCompile>
    <ClCompile Include="Mesh.cpp">
      <Filter>ソース ファイル\Engine\GraphicsCore\Object</Filter>
    </ClCompile>
    <ClCompile Include="AViewBase.cpp">
      <Filter>ソース ファイル\Engine\NoonEngineCore</Filter>
    </ClCompile>
    <ClCompile Include="AWindowBase.cpp">
      <Filter>ソース ファイル\Engine\GraphicsCore\Base</Filter>
    </ClCompile>
  </ItemGroup>
  <ItemGroup>
    <None Include="packages.config" />
    <None Include="point.frag">
      <Filter>リソース ファイル\Shader</Filter>
    </None>
    <None Include="point.vert">
      <Filter>リソース ファイル\Shader</Filter>
    </None>
    <None Include="pointWithNormal.frag">
      <Filter>リソース ファイル\Shader</Filter>
    </None>
    <None Include="pointWithNormal.vert">
      <Filter>リソース ファイル\Shader</Filter>
    </None>
    <None Include="testuv.frag">
      <Filter>リソース ファイル\Shader</Filter>
    </None>
    <None Include="testuv.vert">
      <Filter>リソース ファイル\Shader</Filter>
    </None>
  </ItemGroup>
  <ItemGroup>
    <ClInclude Include="Vector.h">
      <Filter>ヘッダー ファイル\Engine\Util\MathCulc</Filter>
    </ClInclude>
    <ClInclude Include="Matrix.h">
      <Filter>ヘッダー ファイル\Engine\Util\MathCulc</Filter>
    </ClInclude>
    <ClInclude Include="ShapeIndex.h">
      <Filter>ヘッダー ファイル\Engine\Shape</Filter>
    </ClInclude>
    <ClInclude Include="SolidShape.h">
      <Filter>ヘッダー ファイル\Engine\Shape</Filter>
    </ClInclude>
    <ClInclude Include="SolidShapeIndex.h">
      <Filter>ヘッダー ファイル\Engine\Shape</Filter>
    </ClInclude>
    <ClInclude Include="SampleView.h">
      <Filter>ヘッダー ファイル\Engine\Views</Filter>
    </ClInclude>
    <ClInclude Include="ShapeCreator.h">
      <Filter>ヘッダー ファイル\Engine\Shape</Filter>
    </ClInclude>
    <ClInclude Include="imconfig.h">
      <Filter>ヘッダー ファイル\Ex\imgui</Filter>
    </ClInclude>
    <ClInclude Include="imgui.h">
      <Filter>ヘッダー ファイル\Ex\imgui</Filter>
    </ClInclude>
    <ClInclude Include="imgui_impl_glfw.h">
      <Filter>ヘッダー ファイル\Ex\imgui</Filter>
    </ClInclude>
    <ClInclude Include="imgui_impl_opengl3.h">
      <Filter>ヘッダー ファイル\Ex\imgui</Filter>
    </ClInclude>
    <ClInclude Include="imgui_internal.h">
      <Filter>ヘッダー ファイル\Ex\imgui</Filter>
    </ClInclude>
    <ClInclude Include="imstb_rectpack.h">
      <Filter>ヘッダー ファイル\Ex\imgui</Filter>
    </ClInclude>
    <ClInclude Include="imstb_textedit.h">
      <Filter>ヘッダー ファイル\Ex\imgui</Filter>
    </ClInclude>
    <ClInclude Include="imstb_truetype.h">
      <Filter>ヘッダー ファイル\Ex\imgui</Filter>
    </ClInclude>
    <ClInclude Include="UITestView.h">
      <Filter>ヘッダー ファイル\Engine\Views</Filter>
    </ClInclude>
    <ClInclude Include="SampleGame.h">
      <Filter>ヘッダー ファイル\Engine\Views</Filter>
    </ClInclude>
    <ClInclude Include="AWindowBase.h">
      <Filter>ヘッダー ファイル\Engine\GraphicsCore\Base</Filter>
    </ClInclude>
    <ClInclude Include="NoonBaseTypes.h">
      <Filter>ヘッダー ファイル\Engine\NoonEngineCore</Filter>
    </ClInclude>
    <ClInclude Include="StringReplacer.h">
      <Filter>ヘッダー ファイル\Engine\Util</Filter>
    </ClInclude>
    <ClInclude Include="Shape.h">
      <Filter>ヘッダー ファイル\Engine\GraphicsCore\Object</Filter>
    </ClInclude>
    <ClInclude Include="Vertex.h">
      <Filter>ヘッダー ファイル\Engine\GraphicsCore\Object</Filter>
    </ClInclude>
    <ClInclude Include="Material.h">
      <Filter>ヘッダー ファイル\Engine\GraphicsCore\Object\Material</Filter>
    </ClInclude>
    <ClInclude Include="Texture.h">
      <Filter>ヘッダー ファイル\Engine\GraphicsCore\Object\Material</Filter>
    </ClInclude>
    <ClInclude Include="Uniform.h">
      <Filter>ヘッダー ファイル\Engine\GraphicsCore\Object\Material</Filter>
    </ClInclude>
    <ClInclude Include="glShader.h">
      <Filter>ヘッダー ファイル\Engine\GraphicsCore\Object\Material</Filter>
    </ClInclude>
    <ClInclude Include="ModelLoader.h">
      <Filter>ヘッダー ファイル\Engine\Util</Filter>
    </ClInclude>
    <ClInclude Include="ShaderBase.h">
      <Filter>ヘッダー ファイル\Engine\GraphicsCore\Object\Material</Filter>
    </ClInclude>
    <ClInclude Include="stb_image.h">
      <Filter>ヘッダー ファイル\Ex</Filter>
    </ClInclude>
    <ClInclude Include="AGameObjectBase.h">
      <Filter>ヘッダー ファイル\Engine\NoonEngineCore\GameObject</Filter>
    </ClInclude>
    <ClInclude Include="Transform.h">
      <Filter>ヘッダー ファイル\Engine\NoonEngineCore\GameObject</Filter>
    </ClInclude>
    <ClInclude Include="CONFIG.h">
      <Filter>ヘッダー ファイル\Engine\NoonEngineCore</Filter>
    </ClInclude>
    <ClInclude Include="NoonEnginStateManager.h">
      <Filter>ヘッダー ファイル\Engine\NoonEngineCore</Filter>
    </ClInclude>
    <ClInclude Include="Mesh.h">
      <Filter>ヘッダー ファイル\Engine\GraphicsCore\Object</Filter>
    </ClInclude>
    <ClInclude Include="AViewBase.h">
      <Filter>ヘッダー ファイル\Engine\NoonEngineCore</Filter>
    </ClInclude>
  </ItemGroup>
  <ItemGroup>
    <Text Include="ReadMe.txt">
      <Filter>リソース ファイル</Filter>
    </Text>
  </ItemGroup>
</Project>